{
  "name": "test-integration-util",
  "version": "0.0.0-dev",
  "lockfileVersion": 3,
  "requires": true,
  "packages": {
    "": {
      "name": "test-integration-util",
      "version": "0.0.0-dev",
      "license": "MIT",
      "devDependencies": {
        "@lvce-editor/assert": "^1.5.1",
        "@lvce-editor/command": "^2.0.0",
        "@lvce-editor/fuzzy-search": "^2.0.1",
        "@lvce-editor/ipc": "^16.0.0",
        "@lvce-editor/json-rpc": "^8.0.0",
        "@lvce-editor/verror": "^1.7.0",
        "@types/node": "^24.2.0"
      }
    },
    "node_modules/@lvce-editor/assert": {
      "version": "1.5.1",
      "resolved": "https://registry.npmjs.org/@lvce-editor/assert/-/assert-1.5.1.tgz",
      "integrity": "sha512-euS3PuVVjZy06bPFbgTz1yjQ0mY5BgWeYEDb9eQL2ncqYeap0ADy1D57nddlps1VkhHxj1g2ifXkLeIKLkQYJg==",
      "dev": true,
      "license": "MIT"
    },
    "node_modules/@lvce-editor/command": {
      "version": "2.0.0",
      "resolved": "https://registry.npmjs.org/@lvce-editor/command/-/command-2.0.0.tgz",
      "integrity": "sha512-NZokXOACzuRoIpsHVHx+VhNQwM/QcQ4bl3wc8DgDM/+AxAVT2EU8S9cVQQedtJj94N35zmAB2To6Egm8aifOlw==",
      "dev": true,
      "license": "MIT"
    },
    "node_modules/@lvce-editor/fuzzy-search": {
      "version": "2.0.1",
      "resolved": "https://registry.npmjs.org/@lvce-editor/fuzzy-search/-/fuzzy-search-2.0.1.tgz",
      "integrity": "sha512-dz33ll2OhKElVhURXGX7XkVCEGcC1ub8RE9cnOxbFS3ryBEzvGuVZPXA7N1zVooI04R6IJthfPUAqqSRckEsbw==",
      "dev": true,
      "license": "MIT"
    },
    "node_modules/@lvce-editor/ipc": {
      "version": "16.0.0",
      "resolved": "https://registry.npmjs.org/@lvce-editor/ipc/-/ipc-16.0.0.tgz",
      "integrity": "sha512-POkqZlE9AVgQcrV2iwAUcNQ693XisdPMJyTb6hHVvUDFROadpfVY3sZIlk2MvcMjN8nvo/HKil4RLLf0U90Ygw==",
      "dev": true,
      "license": "MIT",
      "dependencies": {
        "@lvce-editor/assert": "^1.5.1",
        "@lvce-editor/verror": "^1.7.0",
        "@lvce-editor/web-socket-server": "^2.1.0"
      },
      "engines": {
        "node": ">=22"
      }
    },
    "node_modules/@lvce-editor/json-rpc": {
      "version": "8.0.0",
      "resolved": "https://registry.npmjs.org/@lvce-editor/json-rpc/-/json-rpc-8.0.0.tgz",
      "integrity": "sha512-mjeSYYd0qJ0Jz3vpEucBnikdbIFsdmewDX/EkVLHw7obYh0WUXr9f3u528nVAHskrUpb8/IsZY4ynJ0Uaar9bA==",
      "dev": true,
      "license": "MIT"
    },
    "node_modules/@lvce-editor/verror": {
      "version": "1.7.0",
      "resolved": "https://registry.npmjs.org/@lvce-editor/verror/-/verror-1.7.0.tgz",
      "integrity": "sha512-+LGuAEIC2L7pbvkyAQVWM2Go0dAy+UWEui28g07zNtZsCBhm+gusBK8PNwLJLV5Jay+TyUYuwLIbJdjLLzqEBg==",
      "dev": true,
      "license": "MIT"
    },
    "node_modules/@lvce-editor/web-socket-server": {
      "version": "2.1.0",
      "resolved": "https://registry.npmjs.org/@lvce-editor/web-socket-server/-/web-socket-server-2.1.0.tgz",
      "integrity": "sha512-Yldf6nJ4seaFaysYTkkLkOhuJQxkdyX/u01vk1X0dXi21882wMtQbDmYZoAg9rVGWbdBFDIdAJ99pFCAM8eUQA==",
      "dev": true,
      "license": "MIT",
      "dependencies": {
        "ws": "^8.18.2"
      },
      "engines": {
        "node": ">=22"
      }
    },
    "node_modules/@types/node": {
      "version": "24.13.2",
      "resolved": "https://registry.npmjs.org/@types/node/-/node-24.13.2.tgz",
      "integrity": "sha512-fRa09kZTgu8o71KFcDjUFuc7F+dEbZYZmkI0mg5YBTRs0yMKjYHsq/c0urDKeDb+D5qVgXOdFcuu+DZPKOITwA==",
      "dev": true,
      "license": "MIT",
      "dependencies": {
        "undici-types": "~7.18.0"
      }
    },
    "node_modules/undici-types": {
      "version": "7.18.2",
      "resolved": "https://registry.npmjs.org/undici-types/-/undici-types-7.18.2.tgz",
      "integrity": "sha512-AsuCzffGHJybSaRrmr5eHr81mwJU3kjw6M+uprWvCXiNeN9SOGwQ3Jn8jb8m3Z6izVgknn1R0FTCEAP2QrLY/w==",
      "dev": true,
      "license": "MIT"
    },
    "node_modules/ws": {
      "version": "8.21.0",
      "resolved": "https://registry.npmjs.org/ws/-/ws-8.21.0.tgz",
      "integrity": "sha512-Vsp28b7DRcimFQvrqu2Wek3z1iYxDCWqHYB8Qsnk/S4RfaCQzPGPyBNuVjJV3cd6UiKtUtp6sNM77gWvzcCH+g==",
      "dev": true,
      "license": "MIT",
      "engines": {
        "node": ">=10.0.0"
      },
      "peerDependencies": {
        "bufferutil": "^4.0.1",
        "utf-8-validate": ">=5.0.2"
      },
      "peerDependenciesMeta": {
        "bufferutil": {
          "optional": true
        },
        "utf-8-validate": {
          "optional": true
        }
      }
    }
  }
}
