{
  "name": "@lvce-editor/explorer-view-server",
  "version": "0.0.0-dev",
  "lockfileVersion": 3,
  "requires": true,
  "packages": {
    "": {
      "name": "@lvce-editor/explorer-view-server",
      "version": "0.0.0-dev",
      "hasInstallScript": true,
      "license": "MIT",
      "dependencies": {
        "@lvce-editor/server": "0.59.4"
      }
    },
    "node_modules/@babel/code-frame": {
      "version": "7.27.1",
      "license": "MIT",
      "dependencies": {
        "@babel/helper-validator-identifier": "^7.27.1",
        "js-tokens": "^4.0.0",
        "picocolors": "^1.1.1"
      },
      "engines": {
        "node": ">=6.9.0"
      }
    },
    "node_modules/@babel/helper-validator-identifier": {
      "version": "7.27.1",
      "license": "MIT",
      "engines": {
        "node": ">=6.9.0"
      }
    },
    "node_modules/@lvce-editor/assert": {
      "version": "1.4.0",
      "license": "MIT"
    },
    "node_modules/@lvce-editor/command": {
      "version": "2.0.0",
      "license": "MIT"
    },
    "node_modules/@lvce-editor/constants": {
      "version": "1.17.0",
      "license": "MIT"
    },
    "node_modules/@lvce-editor/embeds-process": {
      "version": "4.1.0",
      "license": "MIT",
      "optional": true,
      "bin": {
        "embeds-process": "bin/embedsProcess.js"
      },
      "engines": {
        "node": ">=22"
      }
    },
    "node_modules/@lvce-editor/extension-host-helper-process": {
      "version": "0.59.4",
      "license": "MIT",
      "dependencies": {
        "@lvce-editor/assert": "^1.4.0",
        "@lvce-editor/rpc": "^4.19.0",
        "@lvce-editor/verror": "^1.7.0",
        "execa": "^9.6.0",
        "got": "^14.4.8",
        "minimist": "^1.2.8"
      },
      "engines": {
        "node": ">=18"
      }
    },
    "node_modules/@lvce-editor/file-system-process": {
      "version": "3.6.0",
      "license": "MIT",
      "optional": true,
      "dependencies": {
        "trash": "^9.0.0",
        "ws": "^8.18.3"
      },
      "bin": {
        "file-system-process": "bin/fileSystemProcess.js"
      },
      "engines": {
        "node": ">=22"
      }
    },
    "node_modules/@lvce-editor/file-watcher-process": {
      "version": "3.3.0",
      "license": "MIT",
      "optional": true,
      "dependencies": {
        "chokidar": "^4.0.3"
      },
      "bin": {
        "file-watcher-process": "bin/fileWatcherProcess.js"
      },
      "engines": {
        "node": ">=22"
      }
    },
    "node_modules/@lvce-editor/ipc": {
      "version": "14.5.0",
      "license": "MIT",
      "dependencies": {
        "@lvce-editor/assert": "^1.4.0",
        "@lvce-editor/verror": "^1.7.0",
        "@lvce-editor/web-socket-server": "^2.1.0"
      },
      "engines": {
        "node": ">=22"
      }
    },
    "node_modules/@lvce-editor/json-rpc": {
      "version": "7.0.0",
      "license": "MIT"
    },
    "node_modules/@lvce-editor/jsonc-parser": {
      "version": "1.5.0",
      "license": "MIT"
    },
    "node_modules/@lvce-editor/network-process": {
      "version": "5.2.0",
      "license": "MIT",
      "optional": true,
      "dependencies": {
        "execa": "^9.6.0",
        "got": "^14.4.7",
        "symlink-dir": "^6.0.5",
        "tar-fs": "^3.0.10",
        "tmp-promise": "^3.0.3",
        "trash": "^9.0.0",
        "ws": "^8.18.2"
      },
      "bin": {
        "network-process": "bin/networkProcess.js"
      },
      "engines": {
        "node": ">=22"
      },
      "optionalDependencies": {
        "open": "^10.1.2"
      }
    },
    "node_modules/@lvce-editor/preload": {
      "version": "1.5.0",
      "license": "MIT",
      "optional": true,
      "engines": {
        "node": ">=18"
      }
    },
    "node_modules/@lvce-editor/pretty-error": {
      "version": "2.0.0",
      "license": "MIT",
      "dependencies": {
        "@babel/code-frame": "^7.26.2",
        "lines-and-columns": "^2.0.4"
      }
    },
    "node_modules/@lvce-editor/preview-process": {
      "version": "11.0.0",
      "license": "MIT",
      "optional": true,
      "dependencies": {
        "ws": "^8.18.2"
      },
      "bin": {
        "preview-process": "bin/previewProcess.js"
      },
      "engines": {
        "node": ">=22"
      }
    },
    "node_modules/@lvce-editor/pty-host": {
      "version": "5.3.0",
      "license": "MIT",
      "optional": true,
      "bin": {
        "pty-host": "bin/ptyHost.js"
      },
      "optionalDependencies": {
        "node-pty": "^1.1.0-beta34"
      }
    },
    "node_modules/@lvce-editor/ripgrep": {
      "version": "2.4.0",
      "hasInstallScript": true,
      "license": "MIT",
      "optional": true,
      "dependencies": {
        "@lvce-editor/verror": "^1.7.0",
        "execa": "^9.6.0",
        "extract-zip": "^2.0.1",
        "fs-extra": "^11.3.1",
        "got": "^14.4.8",
        "path-exists": "^5.0.0",
        "tempy": "^3.1.0",
        "xdg-basedir": "^5.1.0"
      },
      "engines": {
        "node": ">=22"
      }
    },
    "node_modules/@lvce-editor/rpc": {
      "version": "4.19.0",
      "license": "MIT",
      "dependencies": {
        "@lvce-editor/command": "^2.0.0",
        "@lvce-editor/ipc": "^14.5.0",
        "@lvce-editor/json-rpc": "^7.0.0"
      }
    },
    "node_modules/@lvce-editor/rpc-registry": {
      "version": "3.6.0",
      "license": "MIT",
      "dependencies": {
        "@lvce-editor/constants": "^1.5.0",
        "@lvce-editor/rpc": "^4.18.0"
      }
    },
    "node_modules/@lvce-editor/search-process": {
      "version": "9.4.0",
      "license": "MIT",
      "optional": true,
      "dependencies": {
        "execa": "^9.6.0",
        "ws": "^8.18.3"
      },
      "bin": {
        "search-process": "bin/searchProcess.js"
      },
      "engines": {
        "node": ">=22"
      },
      "optionalDependencies": {
        "@lvce-editor/ripgrep": "^2.1.0"
      }
    },
    "node_modules/@lvce-editor/server": {
      "version": "0.59.4",
      "license": "MIT",
      "dependencies": {
        "@lvce-editor/shared-process": "0.59.4",
        "@lvce-editor/static-server": "0.59.4"
      },
      "bin": {
        "server": "bin/server.js"
      },
      "engines": {
        "node": ">=18"
      }
    },
    "node_modules/@lvce-editor/shared-process": {
      "version": "0.59.4",
      "license": "MIT",
      "dependencies": {
        "@lvce-editor/assert": "1.4.0",
        "@lvce-editor/extension-host-helper-process": "0.59.4",
        "@lvce-editor/ipc": "14.5.0",
        "@lvce-editor/json-rpc": "7.0.0",
        "@lvce-editor/jsonc-parser": "1.5.0",
        "@lvce-editor/pretty-error": "2.0.0",
        "@lvce-editor/rpc-registry": "3.6.0",
        "@lvce-editor/verror": "1.7.0",
        "debug": "^4.4.1",
        "is-object": "^1.0.2",
        "xdg-basedir": "^5.1.0"
      },
      "engines": {
        "node": ">=18"
      },
      "optionalDependencies": {
        "@lvce-editor/embeds-process": "4.1.0",
        "@lvce-editor/file-system-process": "3.6.0",
        "@lvce-editor/file-watcher-process": "3.3.0",
        "@lvce-editor/network-process": "5.2.0",
        "@lvce-editor/preload": "1.5.0",
        "@lvce-editor/preview-process": "11.0.0",
        "@lvce-editor/pty-host": "5.3.0",
        "@lvce-editor/search-process": "9.4.0",
        "@lvce-editor/typescript-compile-process": "4.0.0",
        "open": "^10.2.0",
        "tail": "^2.2.6",
        "tmp-promise": "^3.0.3",
        "trash": "^9.0.0"
      }
    },
    "node_modules/@lvce-editor/static-server": {
      "version": "0.59.4",
      "license": "MIT",
      "engines": {
        "node": ">=18"
      }
    },
    "node_modules/@lvce-editor/typescript-compile-process": {
      "version": "4.0.0",
      "license": "MIT",
      "optional": true,
      "dependencies": {
        "ws": "^8.18.3"
      },
      "bin": {
        "typescript-compile-process": "bin/typescriptCompileProcess.js"
      },
      "engines": {
        "node": ">=18"
      }
    },
    "node_modules/@lvce-editor/verror": {
      "version": "1.7.0",
      "license": "MIT"
    },
    "node_modules/@lvce-editor/web-socket-server": {
      "version": "2.1.0",
      "license": "MIT",
      "dependencies": {
        "ws": "^8.18.2"
      },
      "engines": {
        "node": ">=22"
      }
    },
    "node_modules/@sec-ant/readable-stream": {
      "version": "0.4.1",
      "license": "MIT"
    },
    "node_modules/@sindresorhus/chunkify": {
      "version": "1.0.0",
      "license": "MIT",
      "optional": true,
      "engines": {
        "node": ">=18"
      },
      "funding": {
        "url": "https://github.com/sponsors/sindresorhus"
      }
    },
    "node_modules/@sindresorhus/df": {
      "version": "3.1.1",
      "license": "MIT",
      "optional": true,
      "dependencies": {
        "execa": "^2.0.1"
      },
      "engines": {
        "node": ">=8"
      }
    },
    "node_modules/@sindresorhus/df/node_modules/execa": {
      "version": "2.1.0",
      "license": "MIT",
      "optional": true,
      "dependencies": {
        "cross-spawn": "^7.0.0",
        "get-stream": "^5.0.0",
        "is-stream": "^2.0.0",
        "merge-stream": "^2.0.0",
        "npm-run-path": "^3.0.0",
        "onetime": "^5.1.0",
        "p-finally": "^2.0.0",
        "signal-exit": "^3.0.2",
        "strip-final-newline": "^2.0.0"
      },
      "engines": {
        "node": "^8.12.0 || >=9.7.0"
      }
    },
    "node_modules/@sindresorhus/df/node_modules/get-stream": {
      "version": "5.2.0",
      "license": "MIT",
      "optional": true,
      "dependencies": {
        "pump": "^3.0.0"
      },
      "engines": {
        "node": ">=8"
      },
      "funding": {
        "url": "https://github.com/sponsors/sindresorhus"
      }
    },
    "node_modules/@sindresorhus/df/node_modules/is-stream": {
      "version": "2.0.1",
      "license": "MIT",
      "optional": true,
      "engines": {
        "node": ">=8"
      },
      "funding": {
        "url": "https://github.com/sponsors/sindresorhus"
      }
    },
    "node_modules/@sindresorhus/df/node_modules/npm-run-path": {
      "version": "3.1.0",
      "license": "MIT",
      "optional": true,
      "dependencies": {
        "path-key": "^3.0.0"
      },
      "engines": {
        "node": ">=8"
      }
    },
    "node_modules/@sindresorhus/df/node_modules/signal-exit": {
      "version": "3.0.7",
      "license": "ISC",
      "optional": true
    },
    "node_modules/@sindresorhus/df/node_modules/strip-final-newline": {
      "version": "2.0.0",
      "license": "MIT",
      "optional": true,
      "engines": {
        "node": ">=6"
      }
    },
    "node_modules/@sindresorhus/is": {
      "version": "7.0.2",
      "license": "MIT",
      "engines": {
        "node": ">=18"
      },
      "funding": {
        "url": "https://github.com/sindresorhus/is?sponsor=1"
      }
    },
    "node_modules/@sindresorhus/merge-streams": {
      "version": "4.0.0",
      "license": "MIT",
      "engines": {
        "node": ">=18"
      },
      "funding": {
        "url": "https://github.com/sponsors/sindresorhus"
      }
    },
    "node_modules/@stroncium/procfs": {
      "version": "1.2.1",
      "license": "CC0-1.0",
      "optional": true,
      "engines": {
        "node": ">=8"
      }
    },
    "node_modules/@szmarczak/http-timer": {
      "version": "5.0.1",
      "license": "MIT",
      "dependencies": {
        "defer-to-connect": "^2.0.1"
      },
      "engines": {
        "node": ">=14.16"
      }
    },
    "node_modules/@types/http-cache-semantics": {
      "version": "4.0.4",
      "license": "MIT"
    },
    "node_modules/@types/node": {
      "version": "24.3.1",
      "license": "MIT",
      "optional": true,
      "dependencies": {
        "undici-types": "~7.10.0"
      }
    },
    "node_modules/@types/yauzl": {
      "version": "2.10.3",
      "license": "MIT",
      "optional": true,
      "dependencies": {
        "@types/node": "*"
      }
    },
    "node_modules/@zkochan/rimraf": {
      "version": "3.0.2",
      "license": "MIT",
      "optional": true,
      "engines": {
        "node": ">=18.12"
      }
    },
    "node_modules/array-union": {
      "version": "1.0.2",
      "license": "MIT",
      "optional": true,
      "dependencies": {
        "array-uniq": "^1.0.1"
      },
      "engines": {
        "node": ">=0.10.0"
      }
    },
    "node_modules/array-uniq": {
      "version": "1.0.3",
      "license": "MIT",
      "optional": true,
      "engines": {
        "node": ">=0.10.0"
      }
    },
    "node_modules/b4a": {
      "version": "1.6.7",
      "license": "Apache-2.0",
      "optional": true
    },
    "node_modules/balanced-match": {
      "version": "1.0.2",
      "license": "MIT",
      "optional": true
    },
    "node_modules/bare-events": {
      "version": "2.6.1",
      "license": "Apache-2.0",
      "optional": true
    },
    "node_modules/bare-fs": {
      "version": "4.2.3",
      "license": "Apache-2.0",
      "optional": true,
      "dependencies": {
        "bare-events": "^2.5.4",
        "bare-path": "^3.0.0",
        "bare-stream": "^2.6.4"
      },
      "engines": {
        "bare": ">=1.16.0"
      },
      "peerDependencies": {
        "bare-buffer": "*"
      },
      "peerDependenciesMeta": {
        "bare-buffer": {
          "optional": true
        }
      }
    },
    "node_modules/bare-os": {
      "version": "3.6.2",
      "license": "Apache-2.0",
      "optional": true,
      "engines": {
        "bare": ">=1.14.0"
      }
    },
    "node_modules/bare-path": {
      "version": "3.0.0",
      "license": "Apache-2.0",
      "optional": true,
      "dependencies": {
        "bare-os": "^3.0.1"
      }
    },
    "node_modules/bare-stream": {
      "version": "2.7.0",
      "license": "Apache-2.0",
      "optional": true,
      "dependencies": {
        "streamx": "^2.21.0"
      },
      "peerDependencies": {
        "bare-buffer": "*",
        "bare-events": "*"
      },
      "peerDependenciesMeta": {
        "bare-buffer": {
          "optional": true
        },
        "bare-events": {
          "optional": true
        }
      }
    },
    "node_modules/better-path-resolve": {
      "version": "1.0.0",
      "license": "MIT",
      "optional": true,
      "dependencies": {
        "is-windows": "^1.0.0"
      },
      "engines": {
        "node": ">=4"
      }
    },
    "node_modules/brace-expansion": {
      "version": "1.1.12",
      "license": "MIT",
      "optional": true,
      "dependencies": {
        "balanced-match": "^1.0.0",
        "concat-map": "0.0.1"
      }
    },
    "node_modules/buffer-crc32": {
      "version": "0.2.13",
      "license": "MIT",
      "optional": true,
      "engines": {
        "node": "*"
      }
    },
    "node_modules/bundle-name": {
      "version": "4.1.0",
      "license": "MIT",
      "optional": true,
      "dependencies": {
        "run-applescript": "^7.0.0"
      },
      "engines": {
        "node": ">=18"
      },
      "funding": {
        "url": "https://github.com/sponsors/sindresorhus"
      }
    },
    "node_modules/cacheable-lookup": {
      "version": "7.0.0",
      "license": "MIT",
      "engines": {
        "node": ">=14.16"
      }
    },
    "node_modules/cacheable-request": {
      "version": "12.0.1",
      "license": "MIT",
      "dependencies": {
        "@types/http-cache-semantics": "^4.0.4",
        "get-stream": "^9.0.1",
        "http-cache-semantics": "^4.1.1",
        "keyv": "^4.5.4",
        "mimic-response": "^4.0.0",
        "normalize-url": "^8.0.1",
        "responselike": "^3.0.0"
      },
      "engines": {
        "node": ">=18"
      }
    },
    "node_modules/chokidar": {
      "version": "4.0.3",
      "license": "MIT",
      "optional": true,
      "dependencies": {
        "readdirp": "^4.0.1"
      },
      "engines": {
        "node": ">= 14.16.0"
      },
      "funding": {
        "url": "https://paulmillr.com/funding/"
      }
    },
    "node_modules/concat-map": {
      "version": "0.0.1",
      "license": "MIT",
      "optional": true
    },
    "node_modules/cross-spawn": {
      "version": "7.0.6",
      "license": "MIT",
      "dependencies": {
        "path-key": "^3.1.0",
        "shebang-command": "^2.0.0",
        "which": "^2.0.1"
      },
      "engines": {
        "node": ">= 8"
      }
    },
    "node_modules/crypto-random-string": {
      "version": "4.0.0",
      "license": "MIT",
      "optional": true,
      "dependencies": {
        "type-fest": "^1.0.1"
      },
      "engines": {
        "node": ">=12"
      },
      "funding": {
        "url": "https://github.com/sponsors/sindresorhus"
      }
    },
    "node_modules/crypto-random-string/node_modules/type-fest": {
      "version": "1.4.0",
      "license": "(MIT OR CC0-1.0)",
      "optional": true,
      "engines": {
        "node": ">=10"
      },
      "funding": {
        "url": "https://github.com/sponsors/sindresorhus"
      }
    },
    "node_modules/debug": {
      "version": "4.4.1",
      "license": "MIT",
      "dependencies": {
        "ms": "^2.1.3"
      },
      "engines": {
        "node": ">=6.0"
      },
      "peerDependenciesMeta": {
        "supports-color": {
          "optional": true
        }
      }
    },
    "node_modules/decompress-response": {
      "version": "6.0.0",
      "license": "MIT",
      "dependencies": {
        "mimic-response": "^3.1.0"
      },
      "engines": {
        "node": ">=10"
      },
      "funding": {
        "url": "https://github.com/sponsors/sindresorhus"
      }
    },
    "node_modules/decompress-response/node_modules/mimic-response": {
      "version": "3.1.0",
      "license": "MIT",
      "engines": {
        "node": ">=10"
      },
      "funding": {
        "url": "https://github.com/sponsors/sindresorhus"
      }
    },
    "node_modules/default-browser": {
      "version": "5.2.1",
      "license": "MIT",
      "optional": true,
      "dependencies": {
        "bundle-name": "^4.1.0",
        "default-browser-id": "^5.0.0"
      },
      "engines": {
        "node": ">=18"
      },
      "funding": {
        "url": "https://github.com/sponsors/sindresorhus"
      }
    },
    "node_modules/default-browser-id": {
      "version": "5.0.0",
      "license": "MIT",
      "optional": true,
      "engines": {
        "node": ">=18"
      },
      "funding": {
        "url": "https://github.com/sponsors/sindresorhus"
      }
    },
    "node_modules/defer-to-connect": {
      "version": "2.0.1",
      "license": "MIT",
      "engines": {
        "node": ">=10"
      }
    },
    "node_modules/define-lazy-prop": {
      "version": "3.0.0",
      "license": "MIT",
      "optional": true,
      "engines": {
        "node": ">=12"
      },
      "funding": {
        "url": "https://github.com/sponsors/sindresorhus"
      }
    },
    "node_modules/dir-glob": {
      "version": "2.2.2",
      "license": "MIT",
      "optional": true,
      "dependencies": {
        "path-type": "^3.0.0"
      },
      "engines": {
        "node": ">=4"
      }
    },
    "node_modules/end-of-stream": {
      "version": "1.4.5",
      "license": "MIT",
      "optional": true,
      "dependencies": {
        "once": "^1.4.0"
      }
    },
    "node_modules/execa": {
      "version": "9.6.0",
      "license": "MIT",
      "dependencies": {
        "@sindresorhus/merge-streams": "^4.0.0",
        "cross-spawn": "^7.0.6",
        "figures": "^6.1.0",
        "get-stream": "^9.0.0",
        "human-signals": "^8.0.1",
        "is-plain-obj": "^4.1.0",
        "is-stream": "^4.0.1",
        "npm-run-path": "^6.0.0",
        "pretty-ms": "^9.2.0",
        "signal-exit": "^4.1.0",
        "strip-final-newline": "^4.0.0",
        "yoctocolors": "^2.1.1"
      },
      "engines": {
        "node": "^18.19.0 || >=20.5.0"
      },
      "funding": {
        "url": "https://github.com/sindresorhus/execa?sponsor=1"
      }
    },
    "node_modules/extract-zip": {
      "version": "2.0.1",
      "license": "BSD-2-Clause",
      "optional": true,
      "dependencies": {
        "debug": "^4.1.1",
        "get-stream": "^5.1.0",
        "yauzl": "^2.10.0"
      },
      "bin": {
        "extract-zip": "cli.js"
      },
      "engines": {
        "node": ">= 10.17.0"
      },
      "optionalDependencies": {
        "@types/yauzl": "^2.9.1"
      }
    },
    "node_modules/extract-zip/node_modules/get-stream": {
      "version": "5.2.0",
      "license": "MIT",
      "optional": true,
      "dependencies": {
        "pump": "^3.0.0"
      },
      "engines": {
        "node": ">=8"
      },
      "funding": {
        "url": "https://github.com/sponsors/sindresorhus"
      }
    },
    "node_modules/fast-fifo": {
      "version": "1.3.2",
      "license": "MIT",
      "optional": true
    },
    "node_modules/fd-slicer": {
      "version": "1.1.0",
      "license": "MIT",
      "optional": true,
      "dependencies": {
        "pend": "~1.2.0"
      }
    },
    "node_modules/figures": {
      "version": "6.1.0",
      "license": "MIT",
      "dependencies": {
        "is-unicode-supported": "^2.0.0"
      },
      "engines": {
        "node": ">=18"
      },
      "funding": {
        "url": "https://github.com/sponsors/sindresorhus"
      }
    },
    "node_modules/form-data-encoder": {
      "version": "4.1.0",
      "license": "MIT",
      "engines": {
        "node": ">= 18"
      }
    },
    "node_modules/fs-extra": {
      "version": "11.3.1",
      "license": "MIT",
      "optional": true,
      "dependencies": {
        "graceful-fs": "^4.2.0",
        "jsonfile": "^6.0.1",
        "universalify": "^2.0.0"
      },
      "engines": {
        "node": ">=14.14"
      }
    },
    "node_modules/fs.realpath": {
      "version": "1.0.0",
      "license": "ISC",
      "optional": true
    },
    "node_modules/get-stream": {
      "version": "9.0.1",
      "license": "MIT",
      "dependencies": {
        "@sec-ant/readable-stream": "^0.4.1",
        "is-stream": "^4.0.1"
      },
      "engines": {
        "node": ">=18"
      },
      "funding": {
        "url": "https://github.com/sponsors/sindresorhus"
      }
    },
    "node_modules/glob": {
      "version": "7.2.3",
      "license": "ISC",
      "optional": true,
      "dependencies": {
        "fs.realpath": "^1.0.0",
        "inflight": "^1.0.4",
        "inherits": "2",
        "minimatch": "^3.1.1",
        "once": "^1.3.0",
        "path-is-absolute": "^1.0.0"
      },
      "engines": {
        "node": "*"
      },
      "funding": {
        "url": "https://github.com/sponsors/isaacs"
      }
    },
    "node_modules/globby": {
      "version": "7.1.1",
      "license": "MIT",
      "optional": true,
      "dependencies": {
        "array-union": "^1.0.1",
        "dir-glob": "^2.0.0",
        "glob": "^7.1.2",
        "ignore": "^3.3.5",
        "pify": "^3.0.0",
        "slash": "^1.0.0"
      },
      "engines": {
        "node": ">=4"
      }
    },
    "node_modules/got": {
      "version": "14.4.8",
      "license": "MIT",
      "dependencies": {
        "@sindresorhus/is": "^7.0.1",
        "@szmarczak/http-timer": "^5.0.1",
        "cacheable-lookup": "^7.0.0",
        "cacheable-request": "^12.0.1",
        "decompress-response": "^6.0.0",
        "form-data-encoder": "^4.0.2",
        "http2-wrapper": "^2.2.1",
        "lowercase-keys": "^3.0.0",
        "p-cancelable": "^4.0.1",
        "responselike": "^3.0.0",
        "type-fest": "^4.26.1"
      },
      "engines": {
        "node": ">=20"
      },
      "funding": {
        "url": "https://github.com/sindresorhus/got?sponsor=1"
      }
    },
    "node_modules/graceful-fs": {
      "version": "4.2.11",
      "license": "ISC",
      "optional": true
    },
    "node_modules/http-cache-semantics": {
      "version": "4.2.0",
      "license": "BSD-2-Clause"
    },
    "node_modules/http2-wrapper": {
      "version": "2.2.1",
      "license": "MIT",
      "dependencies": {
        "quick-lru": "^5.1.1",
        "resolve-alpn": "^1.2.0"
      },
      "engines": {
        "node": ">=10.19.0"
      }
    },
    "node_modules/human-signals": {
      "version": "8.0.1",
      "license": "Apache-2.0",
      "engines": {
        "node": ">=18.18.0"
      }
    },
    "node_modules/ignore": {
      "version": "3.3.10",
      "license": "MIT",
      "optional": true
    },
    "node_modules/inflight": {
      "version": "1.0.6",
      "license": "ISC",
      "optional": true,
      "dependencies": {
        "once": "^1.3.0",
        "wrappy": "1"
      }
    },
    "node_modules/inherits": {
      "version": "2.0.4",
      "license": "ISC",
      "optional": true
    },
    "node_modules/is-docker": {
      "version": "3.0.0",
      "license": "MIT",
      "optional": true,
      "bin": {
        "is-docker": "cli.js"
      },
      "engines": {
        "node": "^12.20.0 || ^14.13.1 || >=16.0.0"
      },
      "funding": {
        "url": "https://github.com/sponsors/sindresorhus"
      }
    },
    "node_modules/is-inside-container": {
      "version": "1.0.0",
      "license": "MIT",
      "optional": true,
      "dependencies": {
        "is-docker": "^3.0.0"
      },
      "bin": {
        "is-inside-container": "cli.js"
      },
      "engines": {
        "node": ">=14.16"
      },
      "funding": {
        "url": "https://github.com/sponsors/sindresorhus"
      }
    },
    "node_modules/is-object": {
      "version": "1.0.2",
      "license": "MIT",
      "funding": {
        "url": "https://github.com/sponsors/ljharb"
      }
    },
    "node_modules/is-path-inside": {
      "version": "4.0.0",
      "license": "MIT",
      "optional": true,
      "engines": {
        "node": ">=12"
      },
      "funding": {
        "url": "https://github.com/sponsors/sindresorhus"
      }
    },
    "node_modules/is-plain-obj": {
      "version": "4.1.0",
      "license": "MIT",
      "engines": {
        "node": ">=12"
      },
      "funding": {
        "url": "https://github.com/sponsors/sindresorhus"
      }
    },
    "node_modules/is-stream": {
      "version": "4.0.1",
      "license": "MIT",
      "engines": {
        "node": ">=18"
      },
      "funding": {
        "url": "https://github.com/sponsors/sindresorhus"
      }
    },
    "node_modules/is-unicode-supported": {
      "version": "2.1.0",
      "license": "MIT",
      "engines": {
        "node": ">=18"
      },
      "funding": {
        "url": "https://github.com/sponsors/sindresorhus"
      }
    },
    "node_modules/is-windows": {
      "version": "1.0.2",
      "license": "MIT",
      "optional": true,
      "engines": {
        "node": ">=0.10.0"
      }
    },
    "node_modules/is-wsl": {
      "version": "3.1.0",
      "license": "MIT",
      "optional": true,
      "dependencies": {
        "is-inside-container": "^1.0.0"
      },
      "engines": {
        "node": ">=16"
      },
      "funding": {
        "url": "https://github.com/sponsors/sindresorhus"
      }
    },
    "node_modules/isexe": {
      "version": "2.0.0",
      "license": "ISC"
    },
    "node_modules/js-tokens": {
      "version": "4.0.0",
      "license": "MIT"
    },
    "node_modules/json-buffer": {
      "version": "3.0.1",
      "license": "MIT"
    },
    "node_modules/jsonfile": {
      "version": "6.2.0",
      "license": "MIT",
      "optional": true,
      "dependencies": {
        "universalify": "^2.0.0"
      },
      "optionalDependencies": {
        "graceful-fs": "^4.1.6"
      }
    },
    "node_modules/keyv": {
      "version": "4.5.4",
      "license": "MIT",
      "dependencies": {
        "json-buffer": "3.0.1"
      }
    },
    "node_modules/lines-and-columns": {
      "version": "2.0.4",
      "license": "MIT",
      "engines": {
        "node": "^12.20.0 || ^14.13.1 || >=16.0.0"
      }
    },
    "node_modules/lowercase-keys": {
      "version": "3.0.0",
      "license": "MIT",
      "engines": {
        "node": "^12.20.0 || ^14.13.1 || >=16.0.0"
      },
      "funding": {
        "url": "https://github.com/sponsors/sindresorhus"
      }
    },
    "node_modules/merge-stream": {
      "version": "2.0.0",
      "license": "MIT",
      "optional": true
    },
    "node_modules/mimic-fn": {
      "version": "2.1.0",
      "license": "MIT",
      "optional": true,
      "engines": {
        "node": ">=6"
      }
    },
    "node_modules/mimic-response": {
      "version": "4.0.0",
      "license": "MIT",
      "engines": {
        "node": "^12.20.0 || ^14.13.1 || >=16.0.0"
      },
      "funding": {
        "url": "https://github.com/sponsors/sindresorhus"
      }
    },
    "node_modules/minimatch": {
      "version": "3.1.2",
      "license": "ISC",
      "optional": true,
      "dependencies": {
        "brace-expansion": "^1.1.7"
      },
      "engines": {
        "node": "*"
      }
    },
    "node_modules/minimist": {
      "version": "1.2.8",
      "license": "MIT",
      "funding": {
        "url": "https://github.com/sponsors/ljharb"
      }
    },
    "node_modules/mount-point": {
      "version": "3.0.0",
      "license": "MIT",
      "optional": true,
      "dependencies": {
        "@sindresorhus/df": "^1.0.1",
        "pify": "^2.3.0",
        "pinkie-promise": "^2.0.1"
      },
      "engines": {
        "node": ">=0.10.0"
      }
    },
    "node_modules/mount-point/node_modules/@sindresorhus/df": {
      "version": "1.0.1",
      "license": "MIT",
      "optional": true,
      "engines": {
        "node": ">=0.10.0"
      }
    },
    "node_modules/mount-point/node_modules/pify": {
      "version": "2.3.0",
      "license": "MIT",
      "optional": true,
      "engines": {
        "node": ">=0.10.0"
      }
    },
    "node_modules/move-file": {
      "version": "3.1.0",
      "license": "MIT",
      "optional": true,
      "dependencies": {
        "path-exists": "^5.0.0"
      },
      "engines": {
        "node": "^12.20.0 || ^14.13.1 || >=16.0.0"
      },
      "funding": {
        "url": "https://github.com/sponsors/sindresorhus"
      }
    },
    "node_modules/ms": {
      "version": "2.1.3",
      "license": "MIT"
    },
    "node_modules/node-addon-api": {
      "version": "7.1.1",
      "license": "MIT",
      "optional": true
    },
    "node_modules/node-pty": {
      "version": "1.1.0-beta9",
      "hasInstallScript": true,
      "license": "MIT",
      "optional": true,
      "dependencies": {
        "node-addon-api": "^7.1.0"
      }
    },
    "node_modules/normalize-url": {
      "version": "8.0.2",
      "license": "MIT",
      "engines": {
        "node": ">=14.16"
      },
      "funding": {
        "url": "https://github.com/sponsors/sindresorhus"
      }
    },
    "node_modules/npm-run-path": {
      "version": "6.0.0",
      "license": "MIT",
      "dependencies": {
        "path-key": "^4.0.0",
        "unicorn-magic": "^0.3.0"
      },
      "engines": {
        "node": ">=18"
      },
      "funding": {
        "url": "https://github.com/sponsors/sindresorhus"
      }
    },
    "node_modules/npm-run-path/node_modules/path-key": {
      "version": "4.0.0",
      "license": "MIT",
      "engines": {
        "node": ">=12"
      },
      "funding": {
        "url": "https://github.com/sponsors/sindresorhus"
      }
    },
    "node_modules/once": {
      "version": "1.4.0",
      "license": "ISC",
      "optional": true,
      "dependencies": {
        "wrappy": "1"
      }
    },
    "node_modules/onetime": {
      "version": "5.1.2",
      "license": "MIT",
      "optional": true,
      "dependencies": {
        "mimic-fn": "^2.1.0"
      },
      "engines": {
        "node": ">=6"
      },
      "funding": {
        "url": "https://github.com/sponsors/sindresorhus"
      }
    },
    "node_modules/open": {
      "version": "10.2.0",
      "license": "MIT",
      "optional": true,
      "dependencies": {
        "default-browser": "^5.2.1",
        "define-lazy-prop": "^3.0.0",
        "is-inside-container": "^1.0.0",
        "wsl-utils": "^0.1.0"
      },
      "engines": {
        "node": ">=18"
      },
      "funding": {
        "url": "https://github.com/sponsors/sindresorhus"
      }
    },
    "node_modules/os-homedir": {
      "version": "1.0.2",
      "license": "MIT",
      "optional": true,
      "engines": {
        "node": ">=0.10.0"
      }
    },
    "node_modules/p-cancelable": {
      "version": "4.0.1",
      "license": "MIT",
      "engines": {
        "node": ">=14.16"
      }
    },
    "node_modules/p-finally": {
      "version": "2.0.1",
      "license": "MIT",
      "optional": true,
      "engines": {
        "node": ">=8"
      }
    },
    "node_modules/p-map": {
      "version": "7.0.3",
      "license": "MIT",
      "optional": true,
      "engines": {
        "node": ">=18"
      },
      "funding": {
        "url": "https://github.com/sponsors/sindresorhus"
      }
    },
    "node_modules/parse-ms": {
      "version": "4.0.0",
      "license": "MIT",
      "engines": {
        "node": ">=18"
      },
      "funding": {
        "url": "https://github.com/sponsors/sindresorhus"
      }
    },
    "node_modules/path-exists": {
      "version": "5.0.0",
      "license": "MIT",
      "optional": true,
      "engines": {
        "node": "^12.20.0 || ^14.13.1 || >=16.0.0"
      }
    },
    "node_modules/path-is-absolute": {
      "version": "1.0.1",
      "license": "MIT",
      "optional": true,
      "engines": {
        "node": ">=0.10.0"
      }
    },
    "node_modules/path-key": {
      "version": "3.1.1",
      "license": "MIT",
      "engines": {
        "node": ">=8"
      }
    },
    "node_modules/path-type": {
      "version": "3.0.0",
      "license": "MIT",
      "optional": true,
      "dependencies": {
        "pify": "^3.0.0"
      },
      "engines": {
        "node": ">=4"
      }
    },
    "node_modules/pend": {
      "version": "1.2.0",
      "license": "MIT",
      "optional": true
    },
    "node_modules/picocolors": {
      "version": "1.1.1",
      "license": "ISC"
    },
    "node_modules/pify": {
      "version": "3.0.0",
      "license": "MIT",
      "optional": true,
      "engines": {
        "node": ">=4"
      }
    },
    "node_modules/pinkie": {
      "version": "2.0.4",
      "license": "MIT",
      "optional": true,
      "engines": {
        "node": ">=0.10.0"
      }
    },
    "node_modules/pinkie-promise": {
      "version": "2.0.1",
      "license": "MIT",
      "optional": true,
      "dependencies": {
        "pinkie": "^2.0.0"
      },
      "engines": {
        "node": ">=0.10.0"
      }
    },
    "node_modules/pretty-ms": {
      "version": "9.2.0",
      "license": "MIT",
      "dependencies": {
        "parse-ms": "^4.0.0"
      },
      "engines": {
        "node": ">=18"
      },
      "funding": {
        "url": "https://github.com/sponsors/sindresorhus"
      }
    },
    "node_modules/pump": {
      "version": "3.0.3",
      "license": "MIT",
      "optional": true,
      "dependencies": {
        "end-of-stream": "^1.1.0",
        "once": "^1.3.1"
      }
    },
    "node_modules/quick-lru": {
      "version": "5.1.1",
      "license": "MIT",
      "engines": {
        "node": ">=10"
      },
      "funding": {
        "url": "https://github.com/sponsors/sindresorhus"
      }
    },
    "node_modules/readdirp": {
      "version": "4.1.2",
      "license": "MIT",
      "optional": true,
      "engines": {
        "node": ">= 14.18.0"
      },
      "funding": {
        "type": "individual",
        "url": "https://paulmillr.com/funding/"
      }
    },
    "node_modules/rename-overwrite": {
      "version": "6.0.3",
      "license": "MIT",
      "optional": true,
      "dependencies": {
        "@zkochan/rimraf": "^3.0.2",
        "fs-extra": "11.3.0"
      },
      "engines": {
        "node": ">=18"
      }
    },
    "node_modules/rename-overwrite/node_modules/fs-extra": {
      "version": "11.3.0",
      "license": "MIT",
      "optional": true,
      "dependencies": {
        "graceful-fs": "^4.2.0",
        "jsonfile": "^6.0.1",
        "universalify": "^2.0.0"
      },
      "engines": {
        "node": ">=14.14"
      }
    },
    "node_modules/resolve-alpn": {
      "version": "1.2.1",
      "license": "MIT"
    },
    "node_modules/responselike": {
      "version": "3.0.0",
      "license": "MIT",
      "dependencies": {
        "lowercase-keys": "^3.0.0"
      },
      "engines": {
        "node": ">=14.16"
      },
      "funding": {
        "url": "https://github.com/sponsors/sindresorhus"
      }
    },
    "node_modules/run-applescript": {
      "version": "7.0.0",
      "license": "MIT",
      "optional": true,
      "engines": {
        "node": ">=18"
      },
      "funding": {
        "url": "https://github.com/sponsors/sindresorhus"
      }
    },
    "node_modules/shebang-command": {
      "version": "2.0.0",
      "license": "MIT",
      "dependencies": {
        "shebang-regex": "^3.0.0"
      },
      "engines": {
        "node": ">=8"
      }
    },
    "node_modules/shebang-regex": {
      "version": "3.0.0",
      "license": "MIT",
      "engines": {
        "node": ">=8"
      }
    },
    "node_modules/signal-exit": {
      "version": "4.1.0",
      "license": "ISC",
      "engines": {
        "node": ">=14"
      },
      "funding": {
        "url": "https://github.com/sponsors/isaacs"
      }
    },
    "node_modules/slash": {
      "version": "1.0.0",
      "license": "MIT",
      "optional": true,
      "engines": {
        "node": ">=0.10.0"
      }
    },
    "node_modules/streamx": {
      "version": "2.22.1",
      "license": "MIT",
      "optional": true,
      "dependencies": {
        "fast-fifo": "^1.3.2",
        "text-decoder": "^1.1.0"
      },
      "optionalDependencies": {
        "bare-events": "^2.2.0"
      }
    },
    "node_modules/strip-final-newline": {
      "version": "4.0.0",
      "license": "MIT",
      "engines": {
        "node": ">=18"
      },
      "funding": {
        "url": "https://github.com/sponsors/sindresorhus"
      }
    },
    "node_modules/symlink-dir": {
      "version": "6.0.5",
      "license": "MIT",
      "optional": true,
      "dependencies": {
        "better-path-resolve": "^1.0.0",
        "rename-overwrite": "^6.0.2"
      },
      "bin": {
        "symlink-dir": "dist/cli.js"
      },
      "engines": {
        "node": ">=18.12"
      }
    },
    "node_modules/tail": {
      "version": "2.2.6",
      "license": "MIT",
      "optional": true,
      "engines": {
        "node": ">= 6.0.0"
      }
    },
    "node_modules/tar-fs": {
      "version": "3.1.0",
      "license": "MIT",
      "optional": true,
      "dependencies": {
        "pump": "^3.0.0",
        "tar-stream": "^3.1.5"
      },
      "optionalDependencies": {
        "bare-fs": "^4.0.1",
        "bare-path": "^3.0.0"
      }
    },
    "node_modules/tar-stream": {
      "version": "3.1.7",
      "license": "MIT",
      "optional": true,
      "dependencies": {
        "b4a": "^1.6.4",
        "fast-fifo": "^1.2.0",
        "streamx": "^2.15.0"
      }
    },
    "node_modules/temp-dir": {
      "version": "3.0.0",
      "license": "MIT",
      "optional": true,
      "engines": {
        "node": ">=14.16"
      }
    },
    "node_modules/tempy": {
      "version": "3.1.0",
      "license": "MIT",
      "optional": true,
      "dependencies": {
        "is-stream": "^3.0.0",
        "temp-dir": "^3.0.0",
        "type-fest": "^2.12.2",
        "unique-string": "^3.0.0"
      },
      "engines": {
        "node": ">=14.16"
      },
      "funding": {
        "url": "https://github.com/sponsors/sindresorhus"
      }
    },
    "node_modules/tempy/node_modules/is-stream": {
      "version": "3.0.0",
      "license": "MIT",
      "optional": true,
      "engines": {
        "node": "^12.20.0 || ^14.13.1 || >=16.0.0"
      },
      "funding": {
        "url": "https://github.com/sponsors/sindresorhus"
      }
    },
    "node_modules/tempy/node_modules/type-fest": {
      "version": "2.19.0",
      "license": "(MIT OR CC0-1.0)",
      "optional": true,
      "engines": {
        "node": ">=12.20"
      },
      "funding": {
        "url": "https://github.com/sponsors/sindresorhus"
      }
    },
    "node_modules/text-decoder": {
      "version": "1.2.3",
      "license": "Apache-2.0",
      "optional": true,
      "dependencies": {
        "b4a": "^1.6.4"
      }
    },
    "node_modules/tmp": {
      "version": "0.2.5",
      "license": "MIT",
      "optional": true,
      "engines": {
        "node": ">=14.14"
      }
    },
    "node_modules/tmp-promise": {
      "version": "3.0.3",
      "license": "MIT",
      "optional": true,
      "dependencies": {
        "tmp": "^0.2.0"
      }
    },
    "node_modules/trash": {
      "version": "9.0.0",
      "license": "MIT",
      "optional": true,
      "dependencies": {
        "@sindresorhus/chunkify": "^1.0.0",
        "@stroncium/procfs": "^1.2.1",
        "globby": "^7.1.1",
        "is-path-inside": "^4.0.0",
        "move-file": "^3.1.0",
        "p-map": "^7.0.2",
        "xdg-trashdir": "^3.1.0"
      },
      "engines": {
        "node": ">=18"
      },
      "funding": {
        "url": "https://github.com/sponsors/sindresorhus"
      }
    },
    "node_modules/type-fest": {
      "version": "4.41.0",
      "license": "(MIT OR CC0-1.0)",
      "engines": {
        "node": ">=16"
      },
      "funding": {
        "url": "https://github.com/sponsors/sindresorhus"
      }
    },
    "node_modules/undici-types": {
      "version": "7.10.0",
      "license": "MIT",
      "optional": true
    },
    "node_modules/unicorn-magic": {
      "version": "0.3.0",
      "license": "MIT",
      "engines": {
        "node": ">=18"
      },
      "funding": {
        "url": "https://github.com/sponsors/sindresorhus"
      }
    },
    "node_modules/unique-string": {
      "version": "3.0.0",
      "license": "MIT",
      "optional": true,
      "dependencies": {
        "crypto-random-string": "^4.0.0"
      },
      "engines": {
        "node": ">=12"
      },
      "funding": {
        "url": "https://github.com/sponsors/sindresorhus"
      }
    },
    "node_modules/universalify": {
      "version": "2.0.1",
      "license": "MIT",
      "optional": true,
      "engines": {
        "node": ">= 10.0.0"
      }
    },
    "node_modules/user-home": {
      "version": "2.0.0",
      "license": "MIT",
      "optional": true,
      "dependencies": {
        "os-homedir": "^1.0.0"
      },
      "engines": {
        "node": ">=0.10.0"
      }
    },
    "node_modules/which": {
      "version": "2.0.2",
      "license": "ISC",
      "dependencies": {
        "isexe": "^2.0.0"
      },
      "bin": {
        "node-which": "bin/node-which"
      },
      "engines": {
        "node": ">= 8"
      }
    },
    "node_modules/wrappy": {
      "version": "1.0.2",
      "license": "ISC",
      "optional": true
    },
    "node_modules/ws": {
      "version": "8.18.3",
      "license": "MIT",
      "engines": {
        "node": ">=10.0.0"
      },
      "peerDependencies": {
        "bufferutil": "^4.0.1",
        "utf-8-validate": ">=5.0.2"
      },
      "peerDependenciesMeta": {
        "bufferutil": {
          "optional": true
        },
        "utf-8-validate": {
          "optional": true
        }
      }
    },
    "node_modules/wsl-utils": {
      "version": "0.1.0",
      "license": "MIT",
      "optional": true,
      "dependencies": {
        "is-wsl": "^3.1.0"
      },
      "engines": {
        "node": ">=18"
      },
      "funding": {
        "url": "https://github.com/sponsors/sindresorhus"
      }
    },
    "node_modules/xdg-basedir": {
      "version": "5.1.0",
      "license": "MIT",
      "engines": {
        "node": ">=12"
      },
      "funding": {
        "url": "https://github.com/sponsors/sindresorhus"
      }
    },
    "node_modules/xdg-trashdir": {
      "version": "3.1.0",
      "license": "MIT",
      "optional": true,
      "dependencies": {
        "@sindresorhus/df": "^3.1.1",
        "mount-point": "^3.0.0",
        "user-home": "^2.0.0",
        "xdg-basedir": "^4.0.0"
      },
      "engines": {
        "node": ">=10"
      }
    },
    "node_modules/xdg-trashdir/node_modules/xdg-basedir": {
      "version": "4.0.0",
      "license": "MIT",
      "optional": true,
      "engines": {
        "node": ">=8"
      }
    },
    "node_modules/yauzl": {
      "version": "2.10.0",
      "license": "MIT",
      "optional": true,
      "dependencies": {
        "buffer-crc32": "~0.2.3",
        "fd-slicer": "~1.1.0"
      }
    },
    "node_modules/yoctocolors": {
      "version": "2.1.2",
      "license": "MIT",
      "engines": {
        "node": ">=18"
      },
      "funding": {
        "url": "https://github.com/sponsors/sindresorhus"
      }
    }
  }
}
